// !$*UTF8*$!
{
	archiveVersion = 1;
	classes = {
	};
	objectVersion = 52;
	objects = {

/* Begin PBXBuildFile section */
		DD5A7638256E87F90046E1CF /* MoreLikeThis.swift in Sources */ = {isa = PBXBuildFile; fileRef = DD5A7637256E87F90046E1CF /* MoreLikeThis.swift */; };
		DD5A763C256EA0BF0046E1CF /* Trailer.swift in Sources */ = {isa = PBXBuildFile; fileRef = DD5A763B256EA0BF0046E1CF /* Trailer.swift */; };
		DD5A763F256EA1380046E1CF /* VideoPlayerView.swift in Sources */ = {isa = PBXBuildFile; fileRef = DD5A763E256EA1380046E1CF /* VideoPlayerView.swift */; };
		DD5A7643256EA2F20046E1CF /* VideoPreviewImage.swift in Sources */ = {isa = PBXBuildFile; fileRef = DD5A7642256EA2F20046E1CF /* VideoPreviewImage.swift */; };
		DD5A7648256EA8B90046E1CF /* TrailerList.swift in Sources */ = {isa = PBXBuildFile; fileRef = DD5A7647256EA8B90046E1CF /* TrailerList.swift */; };
		DD6ACE08256B905A00088597 /* MovieDetailsView.swift in Sources */ = {isa = PBXBuildFile; fileRef = DD6ACE07256B905A00088597 /* MovieDetailsView.swift */; };
		DD6ACE3D256C321400088597 /* Episodes.swift in Sources */ = {isa = PBXBuildFile; fileRef = DD6ACE3C256C321400088597 /* Episodes.swift */; };
		DD6ACE5F256D611900088597 /* CustomTabSwitcher.swift in Sources */ = {isa = PBXBuildFile; fileRef = DD6ACE5E256D611900088597 /* CustomTabSwitcher.swift */; };
		DD6BCF552567D6AD00BAF680 /* HomeViewModel.swift in Sources */ = {isa = PBXBuildFile; fileRef = DD6BCF542567D6AD00BAF680 /* HomeViewModel.swift */; };
		DD6BCF5C2567F2F300BAF680 /* TopMoviePreview.swift in Sources */ = {isa = PBXBuildFile; fileRef = DD6BCF5B2567F2F300BAF680 /* TopMoviePreview.swift */; };
		DD6BCF7025680AD700BAF680 /* SmallVerticalButton.swift in Sources */ = {isa = PBXBuildFile; fileRef = DD6BCF6F25680AD700BAF680 /* SmallVerticalButton.swift */; };
		DD6BCF742568136B00BAF680 /* PlayButton.swift in Sources */ = {isa = PBXBuildFile; fileRef = DD6BCF732568136B00BAF680 /* PlayButton.swift */; };
		DD9EB6992567B54F0068258E /* SwiftUI_NetFlixCloneApp.swift in Sources */ = {isa = PBXBuildFile; fileRef = DD9EB6982567B54F0068258E /* SwiftUI_NetFlixCloneApp.swift */; };
		DD9EB69B2567B54F0068258E /* ContentView.swift in Sources */ = {isa = PBXBuildFile; fileRef = DD9EB69A2567B54F0068258E /* ContentView.swift */; };
		DD9EB69D2567B54F0068258E /* Assets.xcassets in Resources */ = {isa = PBXBuildFile; fileRef = DD9EB69C2567B54F0068258E /* Assets.xcassets */; };
		DD9EB6A02567B54F0068258E /* Preview Assets.xcassets in Resources */ = {isa = PBXBuildFile; fileRef = DD9EB69F2567B54F0068258E /* Preview Assets.xcassets */; };
		DD9EB6AA2567B9860068258E /* KingfisherSwiftUI in Frameworks */ = {isa = PBXBuildFile; productRef = DD9EB6A92567B9860068258E /* KingfisherSwiftUI */; };
		DD9EB6AD2567BA0B0068258E /* Movie.swift in Sources */ = {isa = PBXBuildFile; fileRef = DD9EB6AC2567BA0B0068258E /* Movie.swift */; };
		DD9EB6B02567BA690068258E /* HomeView.swift in Sources */ = {isa = PBXBuildFile; fileRef = DD9EB6AF2567BA690068258E /* HomeView.swift */; };
		DD9EB6B42567BAD10068258E /* StandardHomeMovie.swift in Sources */ = {isa = PBXBuildFile; fileRef = DD9EB6B32567BAD10068258E /* StandardHomeMovie.swift */; };
		DD9EB6B72567BBA10068258E /* GlobalHelpers.swift in Sources */ = {isa = PBXBuildFile; fileRef = DD9EB6B62567BBA10068258E /* GlobalHelpers.swift */; };
/* End PBXBuildFile section */

/* Begin PBXFileReference section */
		DD5A7637256E87F90046E1CF /* MoreLikeThis.swift */ = {isa = PBXFileReference; lastKnownFileType = sourcecode.swift; path = MoreLikeThis.swift; sourceTree = "<group>"; };
		DD5A763B256EA0BF0046E1CF /* Trailer.swift */ = {isa = PBXFileReference; lastKnownFileType = sourcecode.swift; path = Trailer.swift; sourceTree = "<group>"; };
		DD5A763E256EA1380046E1CF /* VideoPlayerView.swift */ = {isa = PBXFileReference; lastKnownFileType = sourcecode.swift; path = VideoPlayerView.swift; sourceTree = "<group>"; };
		DD5A7642256EA2F20046E1CF /* VideoPreviewImage.swift */ = {isa = PBXFileReference; lastKnownFileType = sourcecode.swift; path = VideoPreviewImage.swift; sourceTree = "<group>"; };
		DD5A7647256EA8B90046E1CF /* TrailerList.swift */ = {isa = PBXFileReference; lastKnownFileType = sourcecode.swift; path = TrailerList.swift; sourceTree = "<group>"; };
		DD6ACE07256B905A00088597 /* MovieDetailsView.swift */ = {isa = PBXFileReference; lastKnownFileType = sourcecode.swift; path = MovieDetailsView.swift; sourceTree = "<group>"; };
		DD6ACE3C256C321400088597 /* Episodes.swift */ = {isa = PBXFileReference; lastKnownFileType = sourcecode.swift; path = Episodes.swift; sourceTree = "<group>"; };
		DD6ACE5E256D611900088597 /* CustomTabSwitcher.swift */ = {isa = PBXFileReference; lastKnownFileType = sourcecode.swift; path = CustomTabSwitcher.swift; sourceTree = "<group>"; };
		DD6BCF542567D6AD00BAF680 /* HomeViewModel.swift */ = {isa = PBXFileReference; lastKnownFileType = sourcecode.swift; path = HomeViewModel.swift; sourceTree = "<group>"; };
		DD6BCF5B2567F2F300BAF680 /* TopMoviePreview.swift */ = {isa = PBXFileReference; lastKnownFileType = sourcecode.swift; path = TopMoviePreview.swift; sourceTree = "<group>"; };
		DD6BCF6F25680AD700BAF680 /* SmallVerticalButton.swift */ = {isa = PBXFileReference; lastKnownFileType = sourcecode.swift; path = SmallVerticalButton.swift; sourceTree = "<group>"; };
		DD6BCF732568136B00BAF680 /* PlayButton.swift */ = {isa = PBXFileReference; lastKnownFileType = sourcecode.swift; path = PlayButton.swift; sourceTree = "<group>"; };
		DD9EB6952567B54F0068258E /* SwiftUI-NetFlixClone.app */ = {isa = PBXFileReference; explicitFileType = wrapper.application; includeInIndex = 0; path = "SwiftUI-NetFlixClone.app"; sourceTree = BUILT_PRODUCTS_DIR; };
		DD9EB6982567B54F0068258E /* SwiftUI_NetFlixCloneApp.swift */ = {isa = PBXFileReference; lastKnownFileType = sourcecode.swift; path = SwiftUI_NetFlixCloneApp.swift; sourceTree = "<group>"; };
		DD9EB69A2567B54F0068258E /* ContentView.swift */ = {isa = PBXFileReference; lastKnownFileType = sourcecode.swift; path = ContentView.swift; sourceTree = "<group>"; };
		DD9EB69C2567B54F0068258E /* Assets.xcassets */ = {isa = PBXFileReference; lastKnownFileType = folder.assetcatalog; path = Assets.xcassets; sourceTree = "<group>"; };
		DD9EB69F2567B54F0068258E /* Preview Assets.xcassets */ = {isa = PBXFileReference; lastKnownFileType = folder.assetcatalog; path = "Preview Assets.xcassets"; sourceTree = "<group>"; };
		DD9EB6A12567B54F0068258E /* Info.plist */ = {isa = PBXFileReference; lastKnownFileType = text.plist.xml; path = Info.plist; sourceTree = "<group>"; };
		DD9EB6AC2567BA0B0068258E /* Movie.swift */ = {isa = PBXFileReference; lastKnownFileType = sourcecode.swift; path = Movie.swift; sourceTree = "<group>"; };
		DD9EB6AF2567BA690068258E /* HomeView.swift */ = {isa = PBXFileReference; lastKnownFileType = sourcecode.swift; path = HomeView.swift; sourceTree = "<group>"; };
		DD9EB6B32567BAD10068258E /* StandardHomeMovie.swift */ = {isa = PBXFileReference; lastKnownFileType = sourcecode.swift; path = StandardHomeMovie.swift; sourceTree = "<group>"; };
		DD9EB6B62567BBA10068258E /* GlobalHelpers.swift */ = {isa = PBXFileReference; lastKnownFileType = sourcecode.swift; path = GlobalHelpers.swift; sourceTree = "<group>"; };
/* End PBXFileReference section */

/* Begin PBXFrameworksBuildPhase section */
		DD9EB6922567B54F0068258E /* Frameworks */ = {
			isa = PBXFrameworksBuildPhase;
			buildActionMask = 2147483647;
			files = (
				DD9EB6AA2567B9860068258E /* KingfisherSwiftUI in Frameworks */,
			);
			runOnlyForDeploymentPostprocessing = 0;
		};
/* End PBXFrameworksBuildPhase section */

/* Begin PBXGroup section */
		DD5A7641256EA2C90046E1CF /* VideoPlayer */ = {
			isa = PBXGroup;
			children = (
				DD5A763E256EA1380046E1CF /* VideoPlayerView.swift */,
				DD5A7642256EA2F20046E1CF /* VideoPreviewImage.swift */,
				DD5A7647256EA8B90046E1CF /* TrailerList.swift */,
			);
			path = VideoPlayer;
			sourceTree = "<group>";
		};
		DD5A7645256EA30A0046E1CF /* CustomTab */ = {
			isa = PBXGroup;
			children = (
				DD6ACE5E256D611900088597 /* CustomTabSwitcher.swift */,
				DD5A7637256E87F90046E1CF /* MoreLikeThis.swift */,
			);
			path = CustomTab;
			sourceTree = "<group>";
		};
		DD6BCF572567F24D00BAF680 /* ViewModel */ = {
			isa = PBXGroup;
			children = (
				DD6BCF542567D6AD00BAF680 /* HomeViewModel.swift */,
			);
			path = ViewModel;
			sourceTree = "<group>";
		};
		DD6BCF582567F26A00BAF680 /* Model */ = {
			isa = PBXGroup;
			children = (
				DD9EB6AC2567BA0B0068258E /* Movie.swift */,
				DD6ACE3C256C321400088597 /* Episodes.swift */,
				DD5A763B256EA0BF0046E1CF /* Trailer.swift */,
			);
			path = Model;
			sourceTree = "<group>";
		};
		DD6BCF592567F29E00BAF680 /* View */ = {
			isa = PBXGroup;
			children = (
				DD6BCF6E25680A9D00BAF680 /* ViewComponents */,
				DD9EB6AF2567BA690068258E /* HomeView.swift */,
				DD6ACE07256B905A00088597 /* MovieDetailsView.swift */,
			);
			path = View;
			sourceTree = "<group>";
		};
		DD6BCF6E25680A9D00BAF680 /* ViewComponents */ = {
			isa = PBXGroup;
			children = (
				DD9EB6B32567BAD10068258E /* StandardHomeMovie.swift */,
				DD6BCF5B2567F2F300BAF680 /* TopMoviePreview.swift */,
				DD6BCF6F25680AD700BAF680 /* SmallVerticalButton.swift */,
				DD6BCF732568136B00BAF680 /* PlayButton.swift */,
				DD5A7645256EA30A0046E1CF /* CustomTab */,
				DD5A7641256EA2C90046E1CF /* VideoPlayer */,
			);
			path = ViewComponents;
			sourceTree = "<group>";
		};
		DD9EB68C2567B54F0068258E = {
			isa = PBXGroup;
			children = (
				DD9EB6972567B54F0068258E /* SwiftUI-NetFlixClone */,
				DD9EB6962567B54F0068258E /* Products */,
			);
			sourceTree = "<group>";
		};
		DD9EB6962567B54F0068258E /* Products */ = {
			isa = PBXGroup;
			children = (
				DD9EB6952567B54F0068258E /* SwiftUI-NetFlixClone.app */,
			);
			name = Products;
			sourceTree = "<group>";
		};
		DD9EB6972567B54F0068258E /* SwiftUI-NetFlixClone */ = {
			isa = PBXGroup;
			children = (
				DD9EB6982567B54F0068258E /* SwiftUI_NetFlixCloneApp.swift */,
				DD9EB69A2567B54F0068258E /* ContentView.swift */,
				DD6BCF582567F26A00BAF680 /* Model */,
				DD6BCF572567F24D00BAF680 /* ViewModel */,
				DD6BCF592567F29E00BAF680 /* View */,
				DD9EB6B62567BBA10068258E /* GlobalHelpers.swift */,
				DD9EB69C2567B54F0068258E /* Assets.xcassets */,
				DD9EB6A12567B54F0068258E /* Info.plist */,
				DD9EB69E2567B54F0068258E /* Preview Content */,
			);
			path = "SwiftUI-NetFlixClone";
			sourceTree = "<group>";
		};
		DD9EB69E2567B54F0068258E /* Preview Content */ = {
			isa = PBXGroup;
			children = (
				DD9EB69F2567B54F0068258E /* Preview Assets.xcassets */,
			);
			path = "Preview Content";
			sourceTree = "<group>";
		};
/* End PBXGroup section */

/* Begin PBXNativeTarget section */
		DD9EB6942567B54F0068258E /* SwiftUI-NetFlixClone */ = {
			isa = PBXNativeTarget;
			buildConfigurationList = DD9EB6A42567B54F0068258E /* Build configuration list for PBXNativeTarget "SwiftUI-NetFlixClone" */;
			buildPhases = (
				DD9EB6912567B54F0068258E /* Sources */,
				DD9EB6922567B54F0068258E /* Frameworks */,
				DD9EB6932567B54F0068258E /* Resources */,
			);
			buildRules = (
			);
			dependencies = (
			);
			name = "SwiftUI-NetFlixClone";
			packageProductDependencies = (
				DD9EB6A92567B9860068258E /* KingfisherSwiftUI */,
			);
			productName = "SwiftUI-NetFlixClone";
			productReference = DD9EB6952567B54F0068258E /* SwiftUI-NetFlixClone.app */;
			productType = "com.apple.product-type.application";
		};
/* End PBXNativeTarget section */

/* Begin PBXProject section */
		DD9EB68D2567B54F0068258E /* Project object */ = {
			isa = PBXProject;
			attributes = {
				LastSwiftUpdateCheck = 1210;
				LastUpgradeCheck = 1210;
				TargetAttributes = {
					DD9EB6942567B54F0068258E = {
						CreatedOnToolsVersion = 12.1;
					};
				};
			};
			buildConfigurationList = DD9EB6902567B54F0068258E /* Build configuration list for PBXProject "SwiftUI-NetFlixClone" */;
			compatibilityVersion = "Xcode 9.3";
			developmentRegion = en;
			hasScannedForEncodings = 0;
			knownRegions = (
				en,
				Base,
			);
			mainGroup = DD9EB68C2567B54F0068258E;
			packageReferences = (
				DD9EB6A82567B9860068258E /* XCRemoteSwiftPackageReference "Kingfisher" */,
			);
			productRefGroup = DD9EB6962567B54F0068258E /* Products */;
			projectDirPath = "";
			projectRoot = "";
			targets = (
				DD9EB6942567B54F0068258E /* SwiftUI-NetFlixClone */,
			);
		};
/* End PBXProject section */

/* Begin PBXResourcesBuildPhase section */
		DD9EB6932567B54F0068258E /* Resources */ = {
			isa = PBXResourcesBuildPhase;
			buildActionMask = 2147483647;
			files = (
				DD9EB6A02567B54F0068258E /* Preview Assets.xcassets in Resources */,
				DD9EB69D2567B54F0068258E /* Assets.xcassets in Resources */,
			);
			runOnlyForDeploymentPostprocessing = 0;
		};
/* End PBXResourcesBuildPhase section */

/* Begin PBXSourcesBuildPhase section */
		DD9EB6912567B54F0068258E /* Sources */ = {
			isa = PBXSourcesBuildPhase;
			buildActionMask = 2147483647;
			files = (
				DD9EB6B72567BBA10068258E /* GlobalHelpers.swift in Sources */,
				DD5A763C256EA0BF0046E1CF /* Trailer.swift in Sources */,
				DD9EB69B2567B54F0068258E /* ContentView.swift in Sources */,
				DD6ACE08256B905A00088597 /* MovieDetailsView.swift in Sources */,
				DD6BCF552567D6AD00BAF680 /* HomeViewModel.swift in Sources */,
				DD5A7643256EA2F20046E1CF /* VideoPreviewImage.swift in Sources */,
				DD9EB6B02567BA690068258E /* HomeView.swift in Sources */,
				DD9EB6B42567BAD10068258E /* StandardHomeMovie.swift in Sources */,
				DD6BCF5C2567F2F300BAF680 /* TopMoviePreview.swift in Sources */,
				DD9EB6992567B54F0068258E /* SwiftUI_NetFlixCloneApp.swift in Sources */,
				DD9EB6AD2567BA0B0068258E /* Movie.swift in Sources */,
				DD5A7638256E87F90046E1CF /* MoreLikeThis.swift in Sources */,
				DD6ACE5F256D611900088597 /* CustomTabSwitcher.swift in Sources */,
				DD5A7648256EA8B90046E1CF /* TrailerList.swift in Sources */,
				DD6ACE3D256C321400088597 /* Episodes.swift in Sources */,
				DD6BCF7025680AD700BAF680 /* SmallVerticalButton.swift in Sources */,
				DD6BCF742568136B00BAF680 /* PlayButton.swift in Sources */,
				DD5A763F256EA1380046E1CF /* VideoPlayerView.swift in Sources */,
			);
			runOnlyForDeploymentPostprocessing = 0;
		};
/* End PBXSourcesBuildPhase section */

/* Begin XCBuildConfiguration section */
		DD9EB6A22567B54F0068258E /* Debug */ = {
			isa = XCBuildConfiguration;
			buildSettings = {
				ALWAYS_SEARCH_USER_PATHS = NO;
				CLANG_ANALYZER_NONNULL = YES;
				CLANG_ANALYZER_NUMBER_OBJECT_CONVERSION = YES_AGGRESSIVE;
				CLANG_CXX_LANGUAGE_STANDARD = "gnu++14";
				CLANG_CXX_LIBRARY = "libc++";
				CLANG_ENABLE_MODULES = YES;
				CLANG_ENABLE_OBJC_ARC = YES;
				CLANG_ENABLE_OBJC_WEAK = YES;
				CLANG_WARN_BLOCK_CAPTURE_AUTORELEASING = YES;
				CLANG_WARN_BOOL_CONVERSION = YES;
				CLANG_WARN_COMMA = YES;
				CLANG_WARN_CONSTANT_CONVERSION = YES;
				CLANG_WARN_DEPRECATED_OBJC_IMPLEMENTATIONS = YES;
				CLANG_WARN_DIRECT_OBJC_ISA_USAGE = YES_ERROR;
				CLANG_WARN_DOCUMENTATION_COMMENTS = YES;
				CLANG_WARN_EMPTY_BODY = YES;
				CLANG_WARN_ENUM_CONVERSION = YES;
				CLANG_WARN_INFINITE_RECURSION = YES;
				CLANG_WARN_INT_CONVERSION = YES;
				CLANG_WARN_NON_LITERAL_NULL_CONVERSION = YES;
				CLANG_WARN_OBJC_IMPLICIT_RETAIN_SELF = YES;
				CLANG_WARN_OBJC_LITERAL_CONVERSION = YES;
				CLANG_WARN_OBJC_ROOT_CLASS = YES_ERROR;
				CLANG_WARN_QUOTED_INCLUDE_IN_FRAMEWORK_HEADER = YES;
				CLANG_WARN_RANGE_LOOP_ANALYSIS = YES;
				CLANG_WARN_STRICT_PROTOTYPES = YES;
				CLANG_WARN_SUSPICIOUS_MOVE = YES;
				CLANG_WARN_UNGUARDED_AVAILABILITY = YES_AGGRESSIVE;
				CLANG_WARN_UNREACHABLE_CODE = YES;
				CLANG_WARN__DUPLICATE_METHOD_MATCH = YES;
				COPY_PHASE_STRIP = NO;
				DEBUG_INFORMATION_FORMAT = dwarf;
				ENABLE_STRICT_OBJC_MSGSEND = YES;
				ENABLE_TESTABILITY = YES;
				GCC_C_LANGUAGE_STANDARD = gnu11;
				GCC_DYNAMIC_NO_PIC = NO;
				GCC_NO_COMMON_BLOCKS = YES;
				GCC_OPTIMIZATION_LEVEL = 0;
				GCC_PREPROCESSOR_DEFINITIONS = (
					"DEBUG=1",
					"$(inherited)",
				);
				GCC_WARN_64_TO_32_BIT_CONVERSION = YES;
				GCC_WARN_ABOUT_RETURN_TYPE = YES_ERROR;
				GCC_WARN_UNDECLARED_SELECTOR = YES;
				GCC_WARN_UNINITIALIZED_AUTOS = YES_AGGRESSIVE;
				GCC_WARN_UNUSED_FUNCTION = YES;
				GCC_WARN_UNUSED_VARIABLE = YES;
				IPHONEOS_DEPLOYMENT_TARGET = 14.1;
				MTL_ENABLE_DEBUG_INFO = INCLUDE_SOURCE;
				MTL_FAST_MATH = YES;
				ONLY_ACTIVE_ARCH = YES;
				SDKROOT = iphoneos;
				SWIFT_ACTIVE_COMPILATION_CONDITIONS = DEBUG;
				SWIFT_OPTIMIZATION_LEVEL = "-Onone";
			};
			name = Debug;
		};
		DD9EB6A32567B54F0068258E /* Release */ = {
			isa = XCBuildConfiguration;
			buildSettings = {
				ALWAYS_SEARCH_USER_PATHS = NO;
				CLANG_ANALYZER_NONNULL = YES;
				CLANG_ANALYZER_NUMBER_OBJECT_CONVERSION = YES_AGGRESSIVE;
				CLANG_CXX_LANGUAGE_STANDARD = "gnu++14";
				CLANG_CXX_LIBRARY = "libc++";
				CLANG_ENABLE_MODULES = YES;
				CLANG_ENABLE_OBJC_ARC = YES;
				CLANG_ENABLE_OBJC_WEAK = YES;
				CLANG_WARN_BLOCK_CAPTURE_AUTORELEASING = YES;
				CLANG_WARN_BOOL_CONVERSION = YES;
				CLANG_WARN_COMMA = YES;
				CLANG_WARN_CONSTANT_CONVERSION = YES;
				CLANG_WARN_DEPRECATED_OBJC_IMPLEMENTATIONS = YES;
				CLANG_WARN_DIRECT_OBJC_ISA_USAGE = YES_ERROR;
				CLANG_WARN_DOCUMENTATION_COMMENTS = YES;
				CLANG_WARN_EMPTY_BODY = YES;
				CLANG_WARN_ENUM_CONVERSION = YES;
				CLANG_WARN_INFINITE_RECURSION = YES;
				CLANG_WARN_INT_CONVERSION = YES;
				CLANG_WARN_NON_LITERAL_NULL_CONVERSION = YES;
				CLANG_WARN_OBJC_IMPLICIT_RETAIN_SELF = YES;
				CLANG_WARN_OBJC_LITERAL_CONVERSION = YES;
				CLANG_WARN_OBJC_ROOT_CLASS = YES_ERROR;
				CLANG_WARN_QUOTED_INCLUDE_IN_FRAMEWORK_HEADER = YES;
				CLANG_WARN_RANGE_LOOP_ANALYSIS = YES;
				CLANG_WARN_STRICT_PROTOTYPES = YES;
				CLANG_WARN_SUSPICIOUS_MOVE = YES;
				CLANG_WARN_UNGUARDED_AVAILABILITY = YES_AGGRESSIVE;
				CLANG_WARN_UNREACHABLE_CODE = YES;
				CLANG_WARN__DUPLICATE_METHOD_MATCH = YES;
				COPY_PHASE_STRIP = NO;
				DEBUG_INFORMATION_FORMAT = "dwarf-with-dsym";
				ENABLE_NS_ASSERTIONS = NO;
				ENABLE_STRICT_OBJC_MSGSEND = YES;
				GCC_C_LANGUAGE_STANDARD = gnu11;
				GCC_NO_COMMON_BLOCKS = YES;
				GCC_WARN_64_TO_32_BIT_CONVERSION = YES;
				GCC_WARN_ABOUT_RETURN_TYPE = YES_ERROR;
				GCC_WARN_UNDECLARED_SELECTOR = YES;
				GCC_WARN_UNINITIALIZED_AUTOS = YES_AGGRESSIVE;
				GCC_WARN_UNUSED_FUNCTION = YES;
				GCC_WARN_UNUSED_VARIABLE = YES;
				IPHONEOS_DEPLOYMENT_TARGET = 14.1;
				MTL_ENABLE_DEBUG_INFO = NO;
				MTL_FAST_MATH = YES;
				SDKROOT = iphoneos;
				SWIFT_COMPILATION_MODE = wholemodule;
				SWIFT_OPTIMIZATION_LEVEL = "-O";
				VALIDATE_PRODUCT = YES;
			};
			name = Release;
		};
		DD9EB6A52567B54F0068258E /* Debug */ = {
			isa = XCBuildConfiguration;
			buildSettings = {
				ASSETCATALOG_COMPILER_APPICON_NAME = AppIcon;
				ASSETCATALOG_COMPILER_GLOBAL_ACCENT_COLOR_NAME = AccentColor;
				CODE_SIGN_STYLE = Automatic;
				DEVELOPMENT_ASSET_PATHS = "\"SwiftUI-NetFlixClone/Preview Content\"";
				DEVELOPMENT_TEAM = 9L4FQMT34V;
				ENABLE_PREVIEWS = YES;
				INFOPLIST_FILE = "SwiftUI-NetFlixClone/Info.plist";
				IPHONEOS_DEPLOYMENT_TARGET = 14.0;
				LD_RUNPATH_SEARCH_PATHS = (
					"$(inherited)",
					"@executable_path/Frameworks",
				);
				PRODUCT_BUNDLE_IDENTIFIER = "Z5X.SwiftUI-NetFlixClone";
				PRODUCT_NAME = "$(TARGET_NAME)";
				SWIFT_VERSION = 5.0;
				TARGETED_DEVICE_FAMILY = "1,2";
			};
			name = Debug;
		};
		DD9EB6A62567B54F0068258E /* Release */ = {
			isa = XCBuildConfiguration;
			buildSettings = {
				ASSETCATALOG_COMPILER_APPICON_NAME = AppIcon;
				ASSETCATALOG_COMPILER_GLOBAL_ACCENT_COLOR_NAME = AccentColor;
				CODE_SIGN_STYLE = Automatic;
				DEVELOPMENT_ASSET_PATHS = "\"SwiftUI-NetFlixClone/Preview Content\"";
				DEVELOPMENT_TEAM = 9L4FQMT34V;
				ENABLE_PREVIEWS = YES;
				INFOPLIST_FILE = "SwiftUI-NetFlixClone/Info.plist";
				IPHONEOS_DEPLOYMENT_TARGET = 14.0;
				LD_RUNPATH_SEARCH_PATHS = (
					"$(inherited)",
					"@executable_path/Frameworks",
				);
				PRODUCT_BUNDLE_IDENTIFIER = "Z5X.SwiftUI-NetFlixClone";
				PRODUCT_NAME = "$(TARGET_NAME)";
				SWIFT_VERSION = 5.0;
				TARGETED_DEVICE_FAMILY = "1,2";
			};
			name = Release;
		};
/* End XCBuildConfiguration section */

/* Begin XCConfigurationList section */
		DD9EB6902567B54F0068258E /* Build configuration list for PBXProject "SwiftUI-NetFlixClone" */ = {
			isa = XCConfigurationList;
			buildConfigurations = (
				DD9EB6A22567B54F0068258E /* Debug */,
				DD9EB6A32567B54F0068258E /* Release */,
			);
			defaultConfigurationIsVisible = 0;
			defaultConfigurationName = Release;
		};
		DD9EB6A42567B54F0068258E /* Build configuration list for PBXNativeTarget "SwiftUI-NetFlixClone" */ = {
			isa = XCConfigurationList;
			buildConfigurations = (
				DD9EB6A52567B54F0068258E /* Debug */,
				DD9EB6A62567B54F0068258E /* Release */,
			);
			defaultConfigurationIsVisible = 0;
			defaultConfigurationName = Release;
		};
/* End XCConfigurationList section */

/* Begin XCRemoteSwiftPackageReference section */
		DD9EB6A82567B9860068258E /* XCRemoteSwiftPackageReference "Kingfisher" */ = {
			isa = XCRemoteSwiftPackageReference;
			repositoryURL = "https://github.com/onevcat/Kingfisher";
			requirement = {
				kind = upToNextMajorVersion;
				minimumVersion = 5.15.7;
			};
		};
/* End XCRemoteSwiftPackageReference section */

/* Begin XCSwiftPackageProductDependency section */
		DD9EB6A92567B9860068258E /* KingfisherSwiftUI */ = {
			isa = XCSwiftPackageProductDependency;
			package = DD9EB6A82567B9860068258E /* XCRemoteSwiftPackageReference "Kingfisher" */;
			productName = KingfisherSwiftUI;
		};
/* End XCSwiftPackageProductDependency section */
	};
	rootObject = DD9EB68D2567B54F0068258E /* Project object */;
}
